
Microsoft Visual Studio Solution File, Format Version 12.00
# Visual Studio Version 16
VisualStudioVersion = 16.0.29411.108
MinimumVisualStudioVersion = 10.0.40219.1
Project("{9A19103F-16F7-4668-BE54-9A1E7A4F7556}") = "A", "A\A.csproj", "{38B6746A-A25A-433C-86F4-9EB82AA08E3C}"
EndProject
Project("{9A19103F-16F7-4668-BE54-9A1E7A4F7556}") = "C", "C\C.csproj", "{448A025D-2099-4C4D-A1D2-E68ECCF75AFD}"
EndProject
Project("{9A19103F-16F7-4668-BE54-9A1E7A4F7556}") = "B", "B\B.csproj", "{C57E9035-505B-49F5-9873-91F34855CD0C}"
EndProject
Project("{9A19103F-16F7-4668-BE54-9A1E7A4F7556}") = "D", "D\D.csproj", "{C62E59D1-393D-46F0-B829-8DC26D0DA857}"
EndProject
Project("{9A19103F-16F7-4668-BE54-9A1E7A4F7556}") = "E", "E\E.csproj", "{0B49FB68-6AC4-4AEE-B83D-EB6E580776CE}"
EndProject
Project("{9A19103F-16F7-4668-BE54-9A1E7A4F7556}") = "G1", "G1\G1.csproj", "{77ADDC88-409F-4AFC-9F68-31C0D9F225F0}"
EndProject
Project("{9A19103F-16F7-4668-BE54-9A1E7A4F7556}") = "H1", "H1\H1.csproj", "{826087DF-21DC-4A98-AA31-F3A76F5B21DF}"
EndProject
Project("{FAE04EC0-301F-11D3-BF4B-00C04F79EFBC}") = "G2", "G2\G2.csproj", "{9C851013-1332-4BE7-87A2-13AFBFEB8037}"
EndProject
Global
	GlobalSection(SolutionConfigurationPlatforms) = preSolution
		Debug|Any CPU = Debug|Any CPU
		Release|Any CPU = Release|Any CPU
	EndGlobalSection
	GlobalSection(ProjectConfigurationPlatforms) = postSolution
		{38B6746A-A25A-433C-86F4-9EB82AA08E3C}.Debug|Any CPU.ActiveCfg = Debug|Any CPU
		{38B6746A-A25A-433C-86F4-9EB82AA08E3C}.Debug|Any CPU.Build.0 = Debug|Any CPU
		{38B6746A-A25A-433C-86F4-9EB82AA08E3C}.Release|Any CPU.ActiveCfg = Release|Any CPU
		{38B6746A-A25A-433C-86F4-9EB82AA08E3C}.Release|Any CPU.Build.0 = Release|Any CPU
		{448A025D-2099-4C4D-A1D2-E68ECCF75AFD}.Debug|Any CPU.ActiveCfg = Debug|Any CPU
		{448A025D-2099-4C4D-A1D2-E68ECCF75AFD}.Debug|Any CPU.Build.0 = Debug|Any CPU
		{448A025D-2099-4C4D-A1D2-E68ECCF75AFD}.Release|Any CPU.ActiveCfg = Release|Any CPU
		{448A025D-2099-4C4D-A1D2-E68ECCF75AFD}.Release|Any CPU.Build.0 = Release|Any CPU
		{C57E9035-505B-49F5-9873-91F34855CD0C}.Debug|Any CPU.ActiveCfg = Debug|Any CPU
		{C57E9035-505B-49F5-9873-91F34855CD0C}.Debug|Any CPU.Build.0 = Debug|Any CPU
		{C57E9035-505B-49F5-9873-91F34855CD0C}.Release|Any CPU.ActiveCfg = Release|Any CPU
		{C57E9035-505B-49F5-9873-91F34855CD0C}.Release|Any CPU.Build.0 = Release|Any CPU
		{C62E59D1-393D-46F0-B829-8DC26D0DA857}.Debug|Any CPU.ActiveCfg = Debug|Any CPU
		{C62E59D1-393D-46F0-B829-8DC26D0DA857}.Debug|Any CPU.Build.0 = Debug|Any CPU
		{C62E59D1-393D-46F0-B829-8DC26D0DA857}.Release|Any CPU.ActiveCfg = Release|Any CPU
		{C62E59D1-393D-46F0-B829-8DC26D0DA857}.Release|Any CPU.Build.0 = Release|Any CPU
		{0B49FB68-6AC4-4AEE-B83D-EB6E580776CE}.Debug|Any CPU.ActiveCfg = Debug|Any CPU
		{0B49FB68-6AC4-4AEE-B83D-EB6E580776CE}.Debug|Any CPU.Build.0 = Debug|Any CPU
		{0B49FB68-6AC4-4AEE-B83D-EB6E580776CE}.Release|Any CPU.ActiveCfg = Release|Any CPU
		{0B49FB68-6AC4-4AEE-B83D-EB6E580776CE}.Release|Any CPU.Build.0 = Release|Any CPU
		{77ADDC88-409F-4AFC-9F68-31C0D9F225F0}.Debug|Any CPU.ActiveCfg = Debug|Any CPU
		{77ADDC88-409F-4AFC-9F68-31C0D9F225F0}.Debug|Any CPU.Build.0 = Debug|Any CPU
		{77ADDC88-409F-4AFC-9F68-31C0D9F225F0}.Release|Any CPU.ActiveCfg = Release|Any CPU
		{77ADDC88-409F-4AFC-9F68-31C0D9F225F0}.Release|Any CPU.Build.0 = Release|Any CPU
		{826087DF-21DC-4A98-AA31-F3A76F5B21DF}.Debug|Any CPU.ActiveCfg = Debug|Any CPU
		{826087DF-21DC-4A98-AA31-F3A76F5B21DF}.Debug|Any CPU.Build.0 = Debug|Any CPU
		{826087DF-21DC-4A98-AA31-F3A76F5B21DF}.Release|Any CPU.ActiveCfg = Release|Any CPU
		{826087DF-21DC-4A98-AA31-F3A76F5B21DF}.Release|Any CPU.Build.0 = Release|Any CPU
		{9C851013-1332-4BE7-87A2-13AFBFEB8037}.Debug|Any CPU.ActiveCfg = Debug|Any CPU
		{9C851013-1332-4BE7-87A2-13AFBFEB8037}.Debug|Any CPU.Build.0 = Debug|Any CPU
		{9C851013-1332-4BE7-87A2-13AFBFEB8037}.Release|Any CPU.ActiveCfg = Release|Any CPU
		{9C851013-1332-4BE7-87A2-13AFBFEB8037}.Release|Any CPU.Build.0 = Release|Any CPU
	EndGlobalSection
	GlobalSection(SolutionProperties) = preSolution
		HideSolutionNode = FALSE
	EndGlobalSection
	GlobalSection(ExtensibilityGlobals) = postSolution
		SolutionGuid = {0DE638E1-66CC-4806-A01B-E975C8FDB166}
	EndGlobalSection
EndGlobal
